// !$*UTF8*$!
{
	archiveVersion = 1;
	classes = {
	};
	objectVersion = 45;
	objects = {

/* Begin PBXBuildFile section */
		1DDD58160DA1D0A300B32029 /* MainMenu.xib in Resources */ = {isa = PBXBuildFile; fileRef = 1DDD58140DA1D0A300B32029 /* MainMenu.xib */; };
		8D11072B0486CEB800E47090 /* InfoPlist.strings in Resources */ = {isa = PBXBuildFile; fileRef = 089C165CFE840E0CC02AAC07 /* InfoPlist.strings */; };
		8D11072F0486CEB800E47090 /* Cocoa.framework in Frameworks */ = {isa = PBXBuildFile; fileRef = 1058C7A1FEA54F0111CA2CBB /* Cocoa.framework */; };
		B9264D9812A2D7C00037AD39 /* JsonFileListenerObjCBridge.mm in Sources */ = {isa = PBXBuildFile; fileRef = B9264D9712A2D7C00037AD39 /* JsonFileListenerObjCBridge.mm */; };
		B934AD19121C7503005B06D6 /* NSIndexPathAdditions.m in Sources */ = {isa = PBXBuildFile; fileRef = B934AD18121C7502005B06D6 /* NSIndexPathAdditions.m */; };
		B945F9001192DAC800DCFAAE /* reader.inl in Resources */ = {isa = PBXBuildFile; fileRef = B945F8FB1192DAC800DCFAAE /* reader.inl */; };
		B945F91C1192DDAC00DCFAAE /* json_file.cpp in Sources */ = {isa = PBXBuildFile; fileRef = B945F91B1192DDAC00DCFAAE /* json_file.cpp */; };
		B945F9311192E0A800DCFAAE /* JsonCocoaNode.mm in Sources */ = {isa = PBXBuildFile; fileRef = B945F9301192E0A800DCFAAE /* JsonCocoaNode.mm */; };
		B945FD57119E832B00DCFAAE /* JsonDocument.mm in Sources */ = {isa = PBXBuildFile; fileRef = B945FD56119E832B00DCFAAE /* JsonDocument.mm */; };
		B94D2A0112B2C316007B9DA2 /* JsonMarker.mm in Sources */ = {isa = PBXBuildFile; fileRef = B94D2A0012B2C316007B9DA2 /* JsonMarker.mm */; };
		B9625D2F26AC93AF00214407 /* ProjectionDefinitionEditor.m in Sources */ = {isa = PBXBuildFile; fileRef = B9625D2D26AC909400214407 /* ProjectionDefinitionEditor.m */; };
		B9625D3026AC93B600214407 /* ProjectionDefinitionEditor.xib in Resources */ = {isa = PBXBuildFile; fileRef = B9625D2E26AC909400214407 /* ProjectionDefinitionEditor.xib */; };
		B984A95525ED8A6600452256 /* JsonIndentFormatter.cpp in Sources */ = {isa = PBXBuildFile; fileRef = B984A95325ED8A6600452256 /* JsonIndentFormatter.cpp */; };
		B99B5A7311C6DF0000A33231 /* QuartzCore.framework in Frameworks */ = {isa = PBXBuildFile; fileRef = B99B5A7211C6DF0000A33231 /* QuartzCore.framework */; };
		B99D0DD725BC989C0006EA1F /* libjq.a in Frameworks */ = {isa = PBXBuildFile; fileRef = B99D0DD625BC98810006EA1F /* libjq.a */; };
		B9AADFFD253A19AD00DE2559 /* SyntaxHilightJsonVisitor.mm in Sources */ = {isa = PBXBuildFile; fileRef = B9AADFFC253A19AD00DE2559 /* SyntaxHilightJsonVisitor.mm */; };
		B9BBFDF0120D2CBE00E4E9AE /* LinesAndBookmarks.cpp in Sources */ = {isa = PBXBuildFile; fileRef = B9BBFDEE120D2CBE00E4E9AE /* LinesAndBookmarks.cpp */; };
		B9C354D826A8A4FA007380E8 /* ProjectionDefinition.mm in Sources */ = {isa = PBXBuildFile; fileRef = B9C354D726A8A4FA007380E8 /* ProjectionDefinition.mm */; };
		B9C354DB26A8A6D2007380E8 /* ProjectionTableDataSource.mm in Sources */ = {isa = PBXBuildFile; fileRef = B9C354DA26A8A6D2007380E8 /* ProjectionTableDataSource.mm */; };
		B9F8ACB226B3D57600602302 /* ProjectionDefinitionFavoritesAdapter.m in Sources */ = {isa = PBXBuildFile; fileRef = B9F8ACB126B3D57600602302 /* ProjectionDefinitionFavoritesAdapter.m */; };
		B9F8ACB626B41F9B00602302 /* FavoriteNameInputWindowConrtoller.m in Sources */ = {isa = PBXBuildFile; fileRef = B9F8ACB426B41F9B00602302 /* FavoriteNameInputWindowConrtoller.m */; };
		B9F8ACB726B41F9B00602302 /* FavoriteNameInputWindowConrtoller.xib in Resources */ = {isa = PBXBuildFile; fileRef = B9F8ACB526B41F9B00602302 /* FavoriteNameInputWindowConrtoller.xib */; };
		B9FC2A9325F8C14F00484EA3 /* Exception.cpp in Sources */ = {isa = PBXBuildFile; fileRef = B9FC2A8C25F8B0A400484EA3 /* Exception.cpp */; };
		B9FC2A9725F907E300484EA3 /* TextCoordinate.cpp in Sources */ = {isa = PBXBuildFile; fileRef = B9FC2A9525F907E200484EA3 /* TextCoordinate.cpp */; };
		B9FC2AB225F908FC00484EA3 /* JsonPathExpressionCompiler.cpp in Sources */ = {isa = PBXBuildFile; fileRef = B9FC2A9C25F908FC00484EA3 /* JsonPathExpressionCompiler.cpp */; };
		B9FC2AB325F908FC00484EA3 /* JsonPathExpressionNode.cpp in Sources */ = {isa = PBXBuildFile; fileRef = B9FC2A9D25F908FC00484EA3 /* JsonPathExpressionNode.cpp */; };
		B9FC2AB825F908FC00484EA3 /* .gitmodules in Resources */ = {isa = PBXBuildFile; fileRef = B9FC2AA625F908FC00484EA3 /* .gitmodules */; };
		B9FC2AEC25F90AA300484EA3 /* NSString+WStringUtils.mm in Sources */ = {isa = PBXBuildFile; fileRef = B9FC2AE525F90AA300484EA3 /* NSString+WStringUtils.mm */; };
		B9FC2AED25F90AA300484EA3 /* NodeTypeToColorTransformer.mm in Sources */ = {isa = PBXBuildFile; fileRef = B9FC2AE825F90AA300484EA3 /* NodeTypeToColorTransformer.mm */; };
		B9FC2AEE25F90AA300484EA3 /* NumberNonZeroValueTransformer.m in Sources */ = {isa = PBXBuildFile; fileRef = B9FC2AEB25F90AA300484EA3 /* NumberNonZeroValueTransformer.m */; };
		B9FC2AFA25F90B9B00484EA3 /* ToolbarBookmarksTemplate.pdf in Resources */ = {isa = PBXBuildFile; fileRef = B9FC2AF525F90B9B00484EA3 /* ToolbarBookmarksTemplate.pdf */; };
		B9FC2AFB25F90B9B00484EA3 /* BrowserView.png in Resources */ = {isa = PBXBuildFile; fileRef = B9FC2AF625F90B9B00484EA3 /* BrowserView.png */; };
		B9FC2AFC25F90B9B00484EA3 /* TextView.png in Resources */ = {isa = PBXBuildFile; fileRef = B9FC2AF725F90B9B00484EA3 /* TextView.png */; };
		B9FC2AFD25F90B9B00484EA3 /* VertSplit.png in Resources */ = {isa = PBXBuildFile; fileRef = B9FC2AF825F90B9B00484EA3 /* VertSplit.png */; };
		B9FC2AFE25F90B9B00484EA3 /* TreeView.png in Resources */ = {isa = PBXBuildFile; fileRef = B9FC2AF925F90B9B00484EA3 /* TreeView.png */; };
		B9FC2B2F25F90D6000484EA3 /* JsonPathSearchController.mm in Sources */ = {isa = PBXBuildFile; fileRef = B9FC2B0325F90D6000484EA3 /* JsonPathSearchController.mm */; };
		B9FC2B3025F90D6000484EA3 /* PathView.m in Sources */ = {isa = PBXBuildFile; fileRef = B9FC2B0425F90D6000484EA3 /* PathView.m */; };
		B9FC2B3125F90D6000484EA3 /* MarkerTableCellView.xib in Resources */ = {isa = PBXBuildFile; fileRef = B9FC2B0725F90D6000484EA3 /* MarkerTableCellView.xib */; };
		B9FC2B3225F90D6000484EA3 /* PathCompletionListCell.xib in Resources */ = {isa = PBXBuildFile; fileRef = B9FC2B0A25F90D6000484EA3 /* PathCompletionListCell.xib */; };
		B9FC2B3325F90D6000484EA3 /* BracezTextView.m in Sources */ = {isa = PBXBuildFile; fileRef = B9FC2B0C25F90D6000484EA3 /* BracezTextView.m */; };
		B9FC2B3425F90D6000484EA3 /* CoordView.m in Sources */ = {isa = PBXBuildFile; fileRef = B9FC2B0D25F90D6000484EA3 /* CoordView.m */; };
		B9FC2B3525F90D6000484EA3 /* GuiModeControl.m in Sources */ = {isa = PBXBuildFile; fileRef = B9FC2B0F25F90D6000484EA3 /* GuiModeControl.m */; };
		B9FC2B3625F90D6000484EA3 /* TextEditorGutterView.mm in Sources */ = {isa = PBXBuildFile; fileRef = B9FC2B1025F90D6000484EA3 /* TextEditorGutterView.mm */; };
		B9FC2B3725F90D6000484EA3 /* JsonTreeDataSource.mm in Sources */ = {isa = PBXBuildFile; fileRef = B9FC2B1325F90D6000484EA3 /* JsonTreeDataSource.mm */; };
		B9FC2B3825F90D6000484EA3 /* JSONWindow.mm in Sources */ = {isa = PBXBuildFile; fileRef = B9FC2B1425F90D6000484EA3 /* JSONWindow.mm */; };
		B9FC2B3925F90D6000484EA3 /* NodeSelectionController.mm in Sources */ = {isa = PBXBuildFile; fileRef = B9FC2B1625F90D6000484EA3 /* NodeSelectionController.mm */; };
		B9FC2B3A25F90D6000484EA3 /* MarkerTableCellView.mm in Sources */ = {isa = PBXBuildFile; fileRef = B9FC2B1825F90D6000484EA3 /* MarkerTableCellView.mm */; };
		B9FC2B3B25F90D6000484EA3 /* JsonPreferencesDialogController.mm in Sources */ = {isa = PBXBuildFile; fileRef = B9FC2B1A25F90D6000484EA3 /* JsonPreferencesDialogController.mm */; };
		B9FC2B3C25F90D6000484EA3 /* PreferencesWindow.m in Sources */ = {isa = PBXBuildFile; fileRef = B9FC2B1B25F90D6000484EA3 /* PreferencesWindow.m */; };
		B9FC2B3D25F90D6000484EA3 /* PreferencesWindow.xib in Resources */ = {isa = PBXBuildFile; fileRef = B9FC2B1D25F90D6000484EA3 /* PreferencesWindow.xib */; };
		B9FC2B3E25F90D6000484EA3 /* PreferencesDialogController.mm in Sources */ = {isa = PBXBuildFile; fileRef = B9FC2B1F25F90D6000484EA3 /* PreferencesDialogController.mm */; };
		B9FC2B3F25F90D6000484EA3 /* AnimatingTabView.m in Sources */ = {isa = PBXBuildFile; fileRef = B9FC2B2325F90D6000484EA3 /* AnimatingTabView.m */; };
		B9FC2B4025F90D6000484EA3 /* HistoryAndFavoritesControl.m in Sources */ = {isa = PBXBuildFile; fileRef = B9FC2B2625F90D6000484EA3 /* HistoryAndFavoritesControl.m */; };
		B9FC2B4125F90D6000484EA3 /* HistoryAndFavoritesEditor.xib in Resources */ = {isa = PBXBuildFile; fileRef = B9FC2B2725F90D6000484EA3 /* HistoryAndFavoritesEditor.xib */; };
		B9FC2B4225F90D6000484EA3 /* KvoAnimation.m in Sources */ = {isa = PBXBuildFile; fileRef = B9FC2B2825F90D6000484EA3 /* KvoAnimation.m */; };
		B9FC2B4325F90D6000484EA3 /* SplitterAnimation.m in Sources */ = {isa = PBXBuildFile; fileRef = B9FC2B2A25F90D6000484EA3 /* SplitterAnimation.m */; };
		B9FC2B4425F90D6000484EA3 /* DarkDiviterSplitter.m in Sources */ = {isa = PBXBuildFile; fileRef = B9FC2B2B25F90D6000484EA3 /* DarkDiviterSplitter.m */; };
		B9FC2B4525F90D6000484EA3 /* HistoryAndFavoritesEditor.m in Sources */ = {isa = PBXBuildFile; fileRef = B9FC2B2C25F90D6000484EA3 /* HistoryAndFavoritesEditor.m */; };
		B9FC2B4C25F90DE300484EA3 /* EditorWindow.xib in Resources */ = {isa = PBXBuildFile; fileRef = B9FC2B4B25F90DE300484EA3 /* EditorWindow.xib */; };
		B9FC2B5025F90E0200484EA3 /* BracezPreferences.mm in Sources */ = {isa = PBXBuildFile; fileRef = B9FC2B4F25F90E0200484EA3 /* BracezPreferences.mm */; };
		B9FC2BB825F90F7100484EA3 /* PreferencesDefaults.plist in Resources */ = {isa = PBXBuildFile; fileRef = B9FC2BB725F90F7100484EA3 /* PreferencesDefaults.plist */; };
		B9FC2BC425F910F600484EA3 /* main.m in Sources */ = {isa = PBXBuildFile; fileRef = B9FC2BC025F910F600484EA3 /* main.m */; };
		B9FC2BC525F910F600484EA3 /* JsonMockupAppDelegate.mm in Sources */ = {isa = PBXBuildFile; fileRef = B9FC2BC225F910F600484EA3 /* JsonMockupAppDelegate.mm */; };
/* End PBXBuildFile section */

/* Begin PBXFileReference section */
		1058C7A1FEA54F0111CA2CBB /* Cocoa.framework */ = {isa = PBXFileReference; lastKnownFileType = wrapper.framework; name = Cocoa.framework; path = /System/Library/Frameworks/Cocoa.framework; sourceTree = "<absolute>"; };
		13E42FB307B3F0F600E4EEF1 /* CoreData.framework */ = {isa = PBXFileReference; lastKnownFileType = wrapper.framework; name = CoreData.framework; path = /System/Library/Frameworks/CoreData.framework; sourceTree = "<absolute>"; };
		29B97324FDCFA39411CA2CEA /* AppKit.framework */ = {isa = PBXFileReference; lastKnownFileType = wrapper.framework; name = AppKit.framework; path = /System/Library/Frameworks/AppKit.framework; sourceTree = "<absolute>"; };
		29B97325FDCFA39411CA2CEA /* Foundation.framework */ = {isa = PBXFileReference; lastKnownFileType = wrapper.framework; name = Foundation.framework; path = /System/Library/Frameworks/Foundation.framework; sourceTree = "<absolute>"; };
		8D1107320486CEB800E47090 /* Bracez.app */ = {isa = PBXFileReference; explicitFileType = wrapper.application; includeInIndex = 0; path = Bracez.app; sourceTree = BUILT_PRODUCTS_DIR; };
		B9264D9612A2D7C00037AD39 /* JsonFileListenerObjCBridge.h */ = {isa = PBXFileReference; fileEncoding = 4; lastKnownFileType = sourcecode.c.h; name = JsonFileListenerObjCBridge.h; path = json_cocoa_model/JsonFileListenerObjCBridge.h; sourceTree = "<group>"; };
		B9264D9712A2D7C00037AD39 /* JsonFileListenerObjCBridge.mm */ = {isa = PBXFileReference; fileEncoding = 4; lastKnownFileType = sourcecode.cpp.objcpp; name = JsonFileListenerObjCBridge.mm; path = json_cocoa_model/JsonFileListenerObjCBridge.mm; sourceTree = "<group>"; };
		B934AD17121C7502005B06D6 /* NSIndexPathAdditions.h */ = {isa = PBXFileReference; fileEncoding = 4; lastKnownFileType = sourcecode.c.h; name = NSIndexPathAdditions.h; path = Util/NSIndexPathAdditions.h; sourceTree = "<group>"; };
		B934AD18121C7502005B06D6 /* NSIndexPathAdditions.m */ = {isa = PBXFileReference; fileEncoding = 4; lastKnownFileType = sourcecode.c.objc; name = NSIndexPathAdditions.m; path = Util/NSIndexPathAdditions.m; sourceTree = "<group>"; };
		B945F8FA1192DAC800DCFAAE /* reader.h */ = {isa = PBXFileReference; fileEncoding = 4; indentWidth = 4; lastKnownFileType = sourcecode.c.h; name = reader.h; path = json_model/reader.h; sourceTree = "<group>"; tabWidth = 4; usesTabs = 0; };
		B945F8FB1192DAC800DCFAAE /* reader.inl */ = {isa = PBXFileReference; fileEncoding = 4; indentWidth = 4; lastKnownFileType = text; name = reader.inl; path = json_model/reader.inl; sourceTree = "<group>"; tabWidth = 4; usesTabs = 0; xcLanguageSpecificationIdentifier = xcode.lang.cpp; };
		B945F91A1192DDAC00DCFAAE /* json_file.h */ = {isa = PBXFileReference; fileEncoding = 4; lastKnownFileType = sourcecode.c.h; name = json_file.h; path = json_model/json_file.h; sourceTree = "<group>"; };
		B945F91B1192DDAC00DCFAAE /* json_file.cpp */ = {isa = PBXFileReference; fileEncoding = 4; lastKnownFileType = sourcecode.cpp.cpp; name = json_file.cpp; path = json_model/json_file.cpp; sourceTree = "<group>"; };
		B945F92F1192E0A800DCFAAE /* JsonCocoaNode.h */ = {isa = PBXFileReference; fileEncoding = 4; lastKnownFileType = sourcecode.c.h; name = JsonCocoaNode.h; path = json_cocoa_model/JsonCocoaNode.h; sourceTree = "<group>"; };
		B945F9301192E0A800DCFAAE /* JsonCocoaNode.mm */ = {isa = PBXFileReference; fileEncoding = 4; lastKnownFileType = sourcecode.cpp.objcpp; name = JsonCocoaNode.mm; path = json_cocoa_model/JsonCocoaNode.mm; sourceTree = "<group>"; };
		B945FD55119E832B00DCFAAE /* JsonDocument.h */ = {isa = PBXFileReference; fileEncoding = 4; lastKnownFileType = sourcecode.c.h; name = JsonDocument.h; path = json_cocoa_model/JsonDocument.h; sourceTree = "<group>"; };
		B945FD56119E832B00DCFAAE /* JsonDocument.mm */ = {isa = PBXFileReference; fileEncoding = 4; lastKnownFileType = sourcecode.cpp.objcpp; name = JsonDocument.mm; path = json_cocoa_model/JsonDocument.mm; sourceTree = "<group>"; };
		B94D29FF12B2C316007B9DA2 /* JsonMarker.h */ = {isa = PBXFileReference; fileEncoding = 4; lastKnownFileType = sourcecode.c.h; name = JsonMarker.h; path = json_cocoa_model/JsonMarker.h; sourceTree = "<group>"; };
		B94D2A0012B2C316007B9DA2 /* JsonMarker.mm */ = {isa = PBXFileReference; fileEncoding = 4; lastKnownFileType = sourcecode.cpp.objcpp; name = JsonMarker.mm; path = json_cocoa_model/JsonMarker.mm; sourceTree = "<group>"; };
		B9625D2C26AC909400214407 /* ProjectionDefinitionEditor.h */ = {isa = PBXFileReference; lastKnownFileType = sourcecode.c.h; path = ProjectionDefinitionEditor.h; sourceTree = "<group>"; };
		B9625D2D26AC909400214407 /* ProjectionDefinitionEditor.m */ = {isa = PBXFileReference; lastKnownFileType = sourcecode.c.objc; path = ProjectionDefinitionEditor.m; sourceTree = "<group>"; };
		B9625D2E26AC909400214407 /* ProjectionDefinitionEditor.xib */ = {isa = PBXFileReference; lastKnownFileType = file.xib; path = ProjectionDefinitionEditor.xib; sourceTree = "<group>"; };
		B980386F26A151CC006BCC3E /* Base */ = {isa = PBXFileReference; lastKnownFileType = file.xib; name = Base; path = Base.lproj/MainMenu.xib; sourceTree = "<group>"; };
		B980387026A151D4006BCC3E /* en */ = {isa = PBXFileReference; lastKnownFileType = text.plist.strings; name = en; path = en.lproj/InfoPlist.strings; sourceTree = "<group>"; };
		B984A95325ED8A6600452256 /* JsonIndentFormatter.cpp */ = {isa = PBXFileReference; lastKnownFileType = sourcecode.cpp.cpp; name = JsonIndentFormatter.cpp; path = json_model/JsonIndentFormatter.cpp; sourceTree = "<group>"; };
		B984A95425ED8A6600452256 /* JsonIndentFormatter.hpp */ = {isa = PBXFileReference; lastKnownFileType = sourcecode.cpp.h; name = JsonIndentFormatter.hpp; path = json_model/JsonIndentFormatter.hpp; sourceTree = "<group>"; };
		B99B5A7211C6DF0000A33231 /* QuartzCore.framework */ = {isa = PBXFileReference; lastKnownFileType = wrapper.framework; name = QuartzCore.framework; path = System/Library/Frameworks/QuartzCore.framework; sourceTree = SDKROOT; };
		B99D0DD125BC98600006EA1F /* libjq.1.dylib */ = {isa = PBXFileReference; lastKnownFileType = "compiled.mach-o.dylib"; name = libjq.1.dylib; path = ../../../../../../usr/local/Cellar/jq/1.6/lib/libjq.1.dylib; sourceTree = "<group>"; };
		B99D0DD625BC98810006EA1F /* libjq.a */ = {isa = PBXFileReference; lastKnownFileType = archive.ar; name = libjq.a; path = ../../../../../../usr/local/Cellar/jq/1.6/lib/libjq.a; sourceTree = "<group>"; };
		B9AADFFB253A19AD00DE2559 /* SyntaxHilightJsonVisitor.h */ = {isa = PBXFileReference; lastKnownFileType = sourcecode.c.h; name = SyntaxHilightJsonVisitor.h; path = json_cocoa_model/SyntaxHilightJsonVisitor.h; sourceTree = "<group>"; };
		B9AADFFC253A19AD00DE2559 /* SyntaxHilightJsonVisitor.mm */ = {isa = PBXFileReference; lastKnownFileType = sourcecode.cpp.objcpp; name = SyntaxHilightJsonVisitor.mm; path = json_cocoa_model/SyntaxHilightJsonVisitor.mm; sourceTree = "<group>"; };
		B9BBFDEE120D2CBE00E4E9AE /* LinesAndBookmarks.cpp */ = {isa = PBXFileReference; fileEncoding = 4; lastKnownFileType = sourcecode.cpp.cpp; name = LinesAndBookmarks.cpp; path = json_model/LinesAndBookmarks.cpp; sourceTree = "<group>"; };
		B9BBFDEF120D2CBE00E4E9AE /* LinesAndBookmarks.h */ = {isa = PBXFileReference; fileEncoding = 4; lastKnownFileType = sourcecode.c.h; name = LinesAndBookmarks.h; path = json_model/LinesAndBookmarks.h; sourceTree = "<group>"; };
		B9C354D626A8A4FA007380E8 /* ProjectionDefinition.h */ = {isa = PBXFileReference; lastKnownFileType = sourcecode.c.h; path = ProjectionDefinition.h; sourceTree = "<group>"; };
		B9C354D726A8A4FA007380E8 /* ProjectionDefinition.mm */ = {isa = PBXFileReference; lastKnownFileType = sourcecode.cpp.objcpp; path = ProjectionDefinition.mm; sourceTree = "<group>"; };
		B9C354D926A8A6D2007380E8 /* ProjectionTableDataSource.h */ = {isa = PBXFileReference; lastKnownFileType = sourcecode.c.h; path = ProjectionTableDataSource.h; sourceTree = "<group>"; };
		B9C354DA26A8A6D2007380E8 /* ProjectionTableDataSource.mm */ = {isa = PBXFileReference; lastKnownFileType = sourcecode.cpp.objcpp; path = ProjectionTableDataSource.mm; sourceTree = "<group>"; };
		B9F8ACB026B3D57600602302 /* ProjectionDefinitionFavoritesAdapter.h */ = {isa = PBXFileReference; lastKnownFileType = sourcecode.c.h; path = ProjectionDefinitionFavoritesAdapter.h; sourceTree = "<group>"; };
		B9F8ACB126B3D57600602302 /* ProjectionDefinitionFavoritesAdapter.m */ = {isa = PBXFileReference; lastKnownFileType = sourcecode.c.objc; path = ProjectionDefinitionFavoritesAdapter.m; sourceTree = "<group>"; };
		B9F8ACB326B41F9B00602302 /* FavoriteNameInputWindowConrtoller.h */ = {isa = PBXFileReference; lastKnownFileType = sourcecode.c.h; path = FavoriteNameInputWindowConrtoller.h; sourceTree = "<group>"; };
		B9F8ACB426B41F9B00602302 /* FavoriteNameInputWindowConrtoller.m */ = {isa = PBXFileReference; lastKnownFileType = sourcecode.c.objc; path = FavoriteNameInputWindowConrtoller.m; sourceTree = "<group>"; };
		B9F8ACB526B41F9B00602302 /* FavoriteNameInputWindowConrtoller.xib */ = {isa = PBXFileReference; lastKnownFileType = file.xib; path = FavoriteNameInputWindowConrtoller.xib; sourceTree = "<group>"; };
		B9F8ACB826B44DAD00602302 /* HistoryAndFavoritesControl.h */ = {isa = PBXFileReference; fileEncoding = 4; lastKnownFileType = sourcecode.c.h; path = HistoryAndFavoritesControl.h; sourceTree = "<group>"; };
		B9FC2A8C25F8B0A400484EA3 /* Exception.cpp */ = {isa = PBXFileReference; lastKnownFileType = sourcecode.cpp.cpp; name = Exception.cpp; path = json_model/Exception.cpp; sourceTree = "<group>"; };
		B9FC2A8D25F8B0A400484EA3 /* Exception.hpp */ = {isa = PBXFileReference; lastKnownFileType = sourcecode.cpp.h; name = Exception.hpp; path = json_model/Exception.hpp; sourceTree = "<group>"; };
		B9FC2A9525F907E200484EA3 /* TextCoordinate.cpp */ = {isa = PBXFileReference; lastKnownFileType = sourcecode.cpp.cpp; name = TextCoordinate.cpp; path = json_model/TextCoordinate.cpp; sourceTree = "<group>"; };
		B9FC2A9625F907E200484EA3 /* TextCoordinate.hpp */ = {isa = PBXFileReference; lastKnownFileType = sourcecode.cpp.h; name = TextCoordinate.hpp; path = json_model/TextCoordinate.hpp; sourceTree = "<group>"; };
		B9FC2A9B25F908FC00484EA3 /* JsonPathExpressionNode.hpp */ = {isa = PBXFileReference; fileEncoding = 4; lastKnownFileType = sourcecode.cpp.h; path = JsonPathExpressionNode.hpp; sourceTree = "<group>"; };
		B9FC2A9C25F908FC00484EA3 /* JsonPathExpressionCompiler.cpp */ = {isa = PBXFileReference; fileEncoding = 4; lastKnownFileType = sourcecode.cpp.cpp; path = JsonPathExpressionCompiler.cpp; sourceTree = "<group>"; };
		B9FC2A9D25F908FC00484EA3 /* JsonPathExpressionNode.cpp */ = {isa = PBXFileReference; fileEncoding = 4; lastKnownFileType = sourcecode.cpp.cpp; path = JsonPathExpressionNode.cpp; sourceTree = "<group>"; };
		B9FC2A9E25F908FC00484EA3 /* JsonPathExpressionCompiler.hpp */ = {isa = PBXFileReference; fileEncoding = 4; lastKnownFileType = sourcecode.cpp.h; path = JsonPathExpressionCompiler.hpp; sourceTree = "<group>"; };
		B9FC2AA225F908FC00484EA3 /* templateio.hpp */ = {isa = PBXFileReference; fileEncoding = 4; lastKnownFileType = sourcecode.cpp.h; path = templateio.hpp; sourceTree = "<group>"; };
		B9FC2AA625F908FC00484EA3 /* .gitmodules */ = {isa = PBXFileReference; fileEncoding = 4; lastKnownFileType = text; path = .gitmodules; sourceTree = "<group>"; };
		B9FC2AA925F908FC00484EA3 /* profile.hpp */ = {isa = PBXFileReference; fileEncoding = 4; lastKnownFileType = sourcecode.cpp.h; path = profile.hpp; sourceTree = "<group>"; };
		B9FC2AAB25F908FC00484EA3 /* parser_combinators.hpp */ = {isa = PBXFileReference; fileEncoding = 4; lastKnownFileType = sourcecode.cpp.h; path = parser_combinators.hpp; sourceTree = "<group>"; };
		B9FC2AAD25F908FC00484EA3 /* function_traits.hpp */ = {isa = PBXFileReference; fileEncoding = 4; lastKnownFileType = sourcecode.cpp.h; path = function_traits.hpp; sourceTree = "<group>"; };
		B9FC2AAF25F908FC00484EA3 /* parser_simple.hpp */ = {isa = PBXFileReference; fileEncoding = 4; lastKnownFileType = sourcecode.cpp.h; path = parser_simple.hpp; sourceTree = "<group>"; };
		B9FC2AB125F908FC00484EA3 /* stream_iterator.hpp */ = {isa = PBXFileReference; fileEncoding = 4; lastKnownFileType = sourcecode.cpp.h; path = stream_iterator.hpp; sourceTree = "<group>"; };
		B9FC2AE525F90AA300484EA3 /* NSString+WStringUtils.mm */ = {isa = PBXFileReference; fileEncoding = 4; lastKnownFileType = sourcecode.cpp.objcpp; name = "NSString+WStringUtils.mm"; path = "Util/NSString+WStringUtils.mm"; sourceTree = "<group>"; };
		B9FC2AE625F90AA300484EA3 /* NodeTypeToColorTransformer.h */ = {isa = PBXFileReference; fileEncoding = 4; lastKnownFileType = sourcecode.c.h; name = NodeTypeToColorTransformer.h; path = Util/NodeTypeToColorTransformer.h; sourceTree = "<group>"; };
		B9FC2AE725F90AA300484EA3 /* NSString+WStringUtils.h */ = {isa = PBXFileReference; fileEncoding = 4; lastKnownFileType = sourcecode.c.h; name = "NSString+WStringUtils.h"; path = "Util/NSString+WStringUtils.h"; sourceTree = "<group>"; };
		B9FC2AE825F90AA300484EA3 /* NodeTypeToColorTransformer.mm */ = {isa = PBXFileReference; fileEncoding = 4; lastKnownFileType = sourcecode.cpp.objcpp; name = NodeTypeToColorTransformer.mm; path = Util/NodeTypeToColorTransformer.mm; sourceTree = "<group>"; };
		B9FC2AE925F90AA300484EA3 /* stopwatch.h */ = {isa = PBXFileReference; fileEncoding = 4; lastKnownFileType = sourcecode.c.h; name = stopwatch.h; path = Util/stopwatch.h; sourceTree = "<group>"; };
		B9FC2AEA25F90AA300484EA3 /* NumberNonZeroValueTransformer.h */ = {isa = PBXFileReference; fileEncoding = 4; lastKnownFileType = sourcecode.c.h; name = NumberNonZeroValueTransformer.h; path = Util/NumberNonZeroValueTransformer.h; sourceTree = "<group>"; };
		B9FC2AEB25F90AA300484EA3 /* NumberNonZeroValueTransformer.m */ = {isa = PBXFileReference; fileEncoding = 4; lastKnownFileType = sourcecode.c.objc; name = NumberNonZeroValueTransformer.m; path = Util/NumberNonZeroValueTransformer.m; sourceTree = "<group>"; };
		B9FC2AF525F90B9B00484EA3 /* ToolbarBookmarksTemplate.pdf */ = {isa = PBXFileReference; lastKnownFileType = image.pdf; path = ToolbarBookmarksTemplate.pdf; sourceTree = "<group>"; };
		B9FC2AF625F90B9B00484EA3 /* BrowserView.png */ = {isa = PBXFileReference; lastKnownFileType = image.png; path = BrowserView.png; sourceTree = "<group>"; };
		B9FC2AF725F90B9B00484EA3 /* TextView.png */ = {isa = PBXFileReference; lastKnownFileType = image.png; path = TextView.png; sourceTree = "<group>"; };
		B9FC2AF825F90B9B00484EA3 /* VertSplit.png */ = {isa = PBXFileReference; lastKnownFileType = image.png; path = VertSplit.png; sourceTree = "<group>"; };
		B9FC2AF925F90B9B00484EA3 /* TreeView.png */ = {isa = PBXFileReference; lastKnownFileType = image.png; path = TreeView.png; sourceTree = "<group>"; };
		B9FC2B0325F90D6000484EA3 /* JsonPathSearchController.mm */ = {isa = PBXFileReference; fileEncoding = 4; lastKnownFileType = sourcecode.cpp.objcpp; path = JsonPathSearchController.mm; sourceTree = "<group>"; };
		B9FC2B0425F90D6000484EA3 /* PathView.m */ = {isa = PBXFileReference; fileEncoding = 4; lastKnownFileType = sourcecode.c.objc; path = PathView.m; sourceTree = "<group>"; };
		B9FC2B0525F90D6000484EA3 /* GuiModeControl.h */ = {isa = PBXFileReference; fileEncoding = 4; lastKnownFileType = sourcecode.c.h; path = GuiModeControl.h; sourceTree = "<group>"; };
		B9FC2B0625F90D6000484EA3 /* JsonPathSearchController.h */ = {isa = PBXFileReference; fileEncoding = 4; lastKnownFileType = sourcecode.c.h; path = JsonPathSearchController.h; sourceTree = "<group>"; };
		B9FC2B0725F90D6000484EA3 /* MarkerTableCellView.xib */ = {isa = PBXFileReference; fileEncoding = 4; lastKnownFileType = file.xib; path = MarkerTableCellView.xib; sourceTree = "<group>"; };
		B9FC2B0825F90D6000484EA3 /* TextEditorGutterView.h */ = {isa = PBXFileReference; fileEncoding = 4; lastKnownFileType = sourcecode.c.h; path = TextEditorGutterView.h; sourceTree = "<group>"; };
		B9FC2B0925F90D6000484EA3 /* NodeSelectionController.h */ = {isa = PBXFileReference; fileEncoding = 4; lastKnownFileType = sourcecode.c.h; path = NodeSelectionController.h; sourceTree = "<group>"; };
		B9FC2B0A25F90D6000484EA3 /* PathCompletionListCell.xib */ = {isa = PBXFileReference; fileEncoding = 4; lastKnownFileType = file.xib; path = PathCompletionListCell.xib; sourceTree = "<group>"; };
		B9FC2B0B25F90D6000484EA3 /* JSONWindow.h */ = {isa = PBXFileReference; fileEncoding = 4; lastKnownFileType = sourcecode.c.h; path = JSONWindow.h; sourceTree = "<group>"; };
		B9FC2B0C25F90D6000484EA3 /* BracezTextView.m */ = {isa = PBXFileReference; fileEncoding = 4; lastKnownFileType = sourcecode.c.objc; path = BracezTextView.m; sourceTree = "<group>"; };
		B9FC2B0D25F90D6000484EA3 /* CoordView.m */ = {isa = PBXFileReference; fileEncoding = 4; lastKnownFileType = sourcecode.c.objc; path = CoordView.m; sourceTree = "<group>"; };
		B9FC2B0E25F90D6000484EA3 /* JsonTreeDataSource.h */ = {isa = PBXFileReference; fileEncoding = 4; lastKnownFileType = sourcecode.c.h; path = JsonTreeDataSource.h; sourceTree = "<group>"; };
		B9FC2B0F25F90D6000484EA3 /* GuiModeControl.m */ = {isa = PBXFileReference; fileEncoding = 4; lastKnownFileType = sourcecode.c.objc; path = GuiModeControl.m; sourceTree = "<group>"; };
		B9FC2B1025F90D6000484EA3 /* TextEditorGutterView.mm */ = {isa = PBXFileReference; fileEncoding = 4; lastKnownFileType = sourcecode.cpp.objcpp; path = TextEditorGutterView.mm; sourceTree = "<group>"; };
		B9FC2B1125F90D6000484EA3 /* PathView.h */ = {isa = PBXFileReference; fileEncoding = 4; lastKnownFileType = sourcecode.c.h; path = PathView.h; sourceTree = "<group>"; };
		B9FC2B1225F90D6000484EA3 /* MarkerTableCellView.h */ = {isa = PBXFileReference; fileEncoding = 4; lastKnownFileType = sourcecode.c.h; path = MarkerTableCellView.h; sourceTree = "<group>"; };
		B9FC2B1325F90D6000484EA3 /* JsonTreeDataSource.mm */ = {isa = PBXFileReference; fileEncoding = 4; lastKnownFileType = sourcecode.cpp.objcpp; path = JsonTreeDataSource.mm; sourceTree = "<group>"; };
		B9FC2B1425F90D6000484EA3 /* JSONWindow.mm */ = {isa = PBXFileReference; fileEncoding = 4; lastKnownFileType = sourcecode.cpp.objcpp; path = JSONWindow.mm; sourceTree = "<group>"; };
		B9FC2B1525F90D6000484EA3 /* BracezTextView.h */ = {isa = PBXFileReference; fileEncoding = 4; lastKnownFileType = sourcecode.c.h; path = BracezTextView.h; sourceTree = "<group>"; };
		B9FC2B1625F90D6000484EA3 /* NodeSelectionController.mm */ = {isa = PBXFileReference; fileEncoding = 4; lastKnownFileType = sourcecode.cpp.objcpp; path = NodeSelectionController.mm; sourceTree = "<group>"; };
		B9FC2B1725F90D6000484EA3 /* CoordView.h */ = {isa = PBXFileReference; fileEncoding = 4; lastKnownFileType = sourcecode.c.h; path = CoordView.h; sourceTree = "<group>"; };
		B9FC2B1825F90D6000484EA3 /* MarkerTableCellView.mm */ = {isa = PBXFileReference; fileEncoding = 4; lastKnownFileType = sourcecode.cpp.objcpp; path = MarkerTableCellView.mm; sourceTree = "<group>"; };
		B9FC2B1A25F90D6000484EA3 /* JsonPreferencesDialogController.mm */ = {isa = PBXFileReference; fileEncoding = 4; lastKnownFileType = sourcecode.cpp.objcpp; path = JsonPreferencesDialogController.mm; sourceTree = "<group>"; };
		B9FC2B1B25F90D6000484EA3 /* PreferencesWindow.m */ = {isa = PBXFileReference; fileEncoding = 4; lastKnownFileType = sourcecode.c.objc; path = PreferencesWindow.m; sourceTree = "<group>"; };
		B9FC2B1C25F90D6000484EA3 /* PreferencesDialogController.h */ = {isa = PBXFileReference; fileEncoding = 4; lastKnownFileType = sourcecode.c.h; path = PreferencesDialogController.h; sourceTree = "<group>"; };
		B9FC2B1D25F90D6000484EA3 /* PreferencesWindow.xib */ = {isa = PBXFileReference; fileEncoding = 4; lastKnownFileType = file.xib; path = PreferencesWindow.xib; sourceTree = "<group>"; };
		B9FC2B1E25F90D6000484EA3 /* PreferencesWindow.h */ = {isa = PBXFileReference; fileEncoding = 4; lastKnownFileType = sourcecode.c.h; path = PreferencesWindow.h; sourceTree = "<group>"; };
		B9FC2B1F25F90D6000484EA3 /* PreferencesDialogController.mm */ = {isa = PBXFileReference; fileEncoding = 4; lastKnownFileType = sourcecode.cpp.objcpp; path = PreferencesDialogController.mm; sourceTree = "<group>"; };
		B9FC2B2025F90D6000484EA3 /* JsonPreferencesDialogController.h */ = {isa = PBXFileReference; fileEncoding = 4; lastKnownFileType = sourcecode.c.h; path = JsonPreferencesDialogController.h; sourceTree = "<group>"; };
		B9FC2B2225F90D6000484EA3 /* SplitterAnimation.h */ = {isa = PBXFileReference; fileEncoding = 4; lastKnownFileType = sourcecode.c.h; path = SplitterAnimation.h; sourceTree = "<group>"; };
		B9FC2B2325F90D6000484EA3 /* AnimatingTabView.m */ = {isa = PBXFileReference; fileEncoding = 4; lastKnownFileType = sourcecode.c.objc; path = AnimatingTabView.m; sourceTree = "<group>"; };
		B9FC2B2425F90D6000484EA3 /* HistoryAndFavoritesEditor.h */ = {isa = PBXFileReference; fileEncoding = 4; lastKnownFileType = sourcecode.c.h; path = HistoryAndFavoritesEditor.h; sourceTree = "<group>"; };
		B9FC2B2525F90D6000484EA3 /* DarkDiviterSplitter.h */ = {isa = PBXFileReference; fileEncoding = 4; lastKnownFileType = sourcecode.c.h; path = DarkDiviterSplitter.h; sourceTree = "<group>"; };
		B9FC2B2625F90D6000484EA3 /* HistoryAndFavoritesControl.m */ = {isa = PBXFileReference; fileEncoding = 4; lastKnownFileType = sourcecode.c.objc; path = HistoryAndFavoritesControl.m; sourceTree = "<group>"; };
		B9FC2B2725F90D6000484EA3 /* HistoryAndFavoritesEditor.xib */ = {isa = PBXFileReference; fileEncoding = 4; lastKnownFileType = file.xib; path = HistoryAndFavoritesEditor.xib; sourceTree = "<group>"; };
		B9FC2B2825F90D6000484EA3 /* KvoAnimation.m */ = {isa = PBXFileReference; fileEncoding = 4; lastKnownFileType = sourcecode.c.objc; path = KvoAnimation.m; sourceTree = "<group>"; };
		B9FC2B2925F90D6000484EA3 /* AnimatingTabView.h */ = {isa = PBXFileReference; fileEncoding = 4; lastKnownFileType = sourcecode.c.h; path = AnimatingTabView.h; sourceTree = "<group>"; };
		B9FC2B2A25F90D6000484EA3 /* SplitterAnimation.m */ = {isa = PBXFileReference; fileEncoding = 4; lastKnownFileType = sourcecode.c.objc; path = SplitterAnimation.m; sourceTree = "<group>"; };
		B9FC2B2B25F90D6000484EA3 /* DarkDiviterSplitter.m */ = {isa = PBXFileReference; fileEncoding = 4; lastKnownFileType = sourcecode.c.objc; path = DarkDiviterSplitter.m; sourceTree = "<group>"; };
		B9FC2B2C25F90D6000484EA3 /* HistoryAndFavoritesEditor.m */ = {isa = PBXFileReference; fileEncoding = 4; lastKnownFileType = sourcecode.c.objc; path = HistoryAndFavoritesEditor.m; sourceTree = "<group>"; };
		B9FC2B2D25F90D6000484EA3 /* KvoAnimation.h */ = {isa = PBXFileReference; fileEncoding = 4; lastKnownFileType = sourcecode.c.h; path = KvoAnimation.h; sourceTree = "<group>"; };
		B9FC2B4825F90D8800484EA3 /* marker_list.h */ = {isa = PBXFileReference; fileEncoding = 4; lastKnownFileType = sourcecode.c.h; name = marker_list.h; path = json_model/marker_list.h; sourceTree = "<group>"; };
		B9FC2B4B25F90DE300484EA3 /* EditorWindow.xib */ = {isa = PBXFileReference; fileEncoding = 4; lastKnownFileType = file.xib; path = EditorWindow.xib; sourceTree = "<group>"; };
		B9FC2B4E25F90E0200484EA3 /* BracezPreferences.h */ = {isa = PBXFileReference; fileEncoding = 4; lastKnownFileType = sourcecode.c.h; name = BracezPreferences.h; path = Util/BracezPreferences.h; sourceTree = "<group>"; };
		B9FC2B4F25F90E0200484EA3 /* BracezPreferences.mm */ = {isa = PBXFileReference; fileEncoding = 4; lastKnownFileType = sourcecode.cpp.objcpp; name = BracezPreferences.mm; path = Util/BracezPreferences.mm; sourceTree = "<group>"; };
		B9FC2B9125F90EE300484EA3 /* jv.h */ = {isa = PBXFileReference; fileEncoding = 4; lastKnownFileType = sourcecode.c.h; path = jv.h; sourceTree = "<group>"; };
		B9FC2B9225F90EE300484EA3 /* jq.h */ = {isa = PBXFileReference; fileEncoding = 4; lastKnownFileType = sourcecode.c.h; path = jq.h; sourceTree = "<group>"; };
		B9FC2BB725F90F7100484EA3 /* PreferencesDefaults.plist */ = {isa = PBXFileReference; fileEncoding = 4; lastKnownFileType = text.plist.xml; name = PreferencesDefaults.plist; path = res/PreferencesDefaults.plist; sourceTree = "<group>"; };
		B9FC2BBA25F9107C00484EA3 /* Bracez-Info.plist */ = {isa = PBXFileReference; fileEncoding = 4; lastKnownFileType = text.plist.xml; name = "Bracez-Info.plist"; path = "res/Bracez-Info.plist"; sourceTree = "<group>"; };
		B9FC2BC025F910F600484EA3 /* main.m */ = {isa = PBXFileReference; lastKnownFileType = sourcecode.c.objc; name = main.m; path = /Users/eldan/dev/priv/bracez/Bracez/main.m; sourceTree = "<absolute>"; };
		B9FC2BC125F910F600484EA3 /* JsonMockupAppDelegate.h */ = {isa = PBXFileReference; lastKnownFileType = sourcecode.c.h; name = JsonMockupAppDelegate.h; path = /Users/eldan/dev/priv/bracez/Bracez/JsonMockupAppDelegate.h; sourceTree = "<absolute>"; };
		B9FC2BC225F910F600484EA3 /* JsonMockupAppDelegate.mm */ = {isa = PBXFileReference; lastKnownFileType = sourcecode.cpp.objcpp; name = JsonMockupAppDelegate.mm; path = /Users/eldan/dev/priv/bracez/Bracez/JsonMockupAppDelegate.mm; sourceTree = "<absolute>"; };
		B9FC2BC325F910F600484EA3 /* Bracez_Prefix.pch */ = {isa = PBXFileReference; lastKnownFileType = sourcecode.c.h; name = Bracez_Prefix.pch; path = /Users/eldan/dev/priv/bracez/Bracez/Bracez_Prefix.pch; sourceTree = "<absolute>"; };
/* End PBXFileReference section */

/* Begin PBXFrameworksBuildPhase section */
		8D11072E0486CEB800E47090 /* Frameworks */ = {
			isa = PBXFrameworksBuildPhase;
			buildActionMask = 2147483647;
			files = (
				B99D0DD725BC989C0006EA1F /* libjq.a in Frameworks */,
				8D11072F0486CEB800E47090 /* Cocoa.framework in Frameworks */,
				B99B5A7311C6DF0000A33231 /* QuartzCore.framework in Frameworks */,
			);
			runOnlyForDeploymentPostprocessing = 0;
		};
/* End PBXFrameworksBuildPhase section */

/* Begin PBXGroup section */
		1058C7A0FEA54F0111CA2CBB /* Linked Frameworks */ = {
			isa = PBXGroup;
			children = (
				1058C7A1FEA54F0111CA2CBB /* Cocoa.framework */,
			);
			name = "Linked Frameworks";
			sourceTree = "<group>";
		};
		1058C7A2FEA54F0111CA2CBB /* Other Frameworks */ = {
			isa = PBXGroup;
			children = (
				29B97324FDCFA39411CA2CEA /* AppKit.framework */,
				13E42FB307B3F0F600E4EEF1 /* CoreData.framework */,
				29B97325FDCFA39411CA2CEA /* Foundation.framework */,
			);
			name = "Other Frameworks";
			sourceTree = "<group>";
		};
		19C28FACFE9D520D11CA2CBB /* Products */ = {
			isa = PBXGroup;
			children = (
				8D1107320486CEB800E47090 /* Bracez.app */,
			);
			name = Products;
			sourceTree = "<group>";
		};
		29B97314FDCFA39411CA2CEA /* JsonMockup */ = {
			isa = PBXGroup;
			children = (
				B9FC2BC325F910F600484EA3 /* Bracez_Prefix.pch */,
				B9FC2BC125F910F600484EA3 /* JsonMockupAppDelegate.h */,
				B9FC2BC225F910F600484EA3 /* JsonMockupAppDelegate.mm */,
				B9FC2BC025F910F600484EA3 /* main.m */,
				B9FC2AC725F90A6600484EA3 /* ui */,
				B934AD16121C74B0005B06D6 /* util */,
				B945F9031192DD6800DCFAAE /* json_cocoa_model */,
				B945F8F71192DAB200DCFAAE /* json_model */,
				29B97317FDCFA39411CA2CEA /* Resources */,
				B9FC2B8725F90EE300484EA3 /* extlib */,
				29B97323FDCFA39411CA2CEA /* Frameworks */,
				19C28FACFE9D520D11CA2CBB /* Products */,
				B99B5A7211C6DF0000A33231 /* QuartzCore.framework */,
			);
			name = JsonMockup;
			sourceTree = "<group>";
		};
		29B97317FDCFA39411CA2CEA /* Resources */ = {
			isa = PBXGroup;
			children = (
				B9FC2BBA25F9107C00484EA3 /* Bracez-Info.plist */,
				B9FC2BB725F90F7100484EA3 /* PreferencesDefaults.plist */,
				B9FC2AF425F90B9B00484EA3 /* ViewIcons */,
				089C165CFE840E0CC02AAC07 /* InfoPlist.strings */,
				1DDD58140DA1D0A300B32029 /* MainMenu.xib */,
			);
			name = Resources;
			sourceTree = "<group>";
		};
		29B97323FDCFA39411CA2CEA /* Frameworks */ = {
			isa = PBXGroup;
			children = (
				B99D0DD625BC98810006EA1F /* libjq.a */,
				B99D0DD125BC98600006EA1F /* libjq.1.dylib */,
				1058C7A0FEA54F0111CA2CBB /* Linked Frameworks */,
				1058C7A2FEA54F0111CA2CBB /* Other Frameworks */,
			);
			name = Frameworks;
			sourceTree = "<group>";
		};
		B934AD16121C74B0005B06D6 /* util */ = {
			isa = PBXGroup;
			children = (
				B9FC2B4E25F90E0200484EA3 /* BracezPreferences.h */,
				B9FC2B4F25F90E0200484EA3 /* BracezPreferences.mm */,
				B9FC2AE625F90AA300484EA3 /* NodeTypeToColorTransformer.h */,
				B9FC2AE825F90AA300484EA3 /* NodeTypeToColorTransformer.mm */,
				B9FC2AE725F90AA300484EA3 /* NSString+WStringUtils.h */,
				B9FC2AE525F90AA300484EA3 /* NSString+WStringUtils.mm */,
				B9FC2AEA25F90AA300484EA3 /* NumberNonZeroValueTransformer.h */,
				B9FC2AEB25F90AA300484EA3 /* NumberNonZeroValueTransformer.m */,
				B9FC2AE925F90AA300484EA3 /* stopwatch.h */,
				B934AD17121C7502005B06D6 /* NSIndexPathAdditions.h */,
				B934AD18121C7502005B06D6 /* NSIndexPathAdditions.m */,
			);
			name = util;
			sourceTree = "<group>";
		};
		B945F8F71192DAB200DCFAAE /* json_model */ = {
			isa = PBXGroup;
			children = (
				B9FC2B4825F90D8800484EA3 /* marker_list.h */,
				B9FC2A9A25F908FC00484EA3 /* jsonpath */,
				B9BBFDEE120D2CBE00E4E9AE /* LinesAndBookmarks.cpp */,
				B9BBFDEF120D2CBE00E4E9AE /* LinesAndBookmarks.h */,
				B945F8FA1192DAC800DCFAAE /* reader.h */,
				B945F8FB1192DAC800DCFAAE /* reader.inl */,
				B945F91A1192DDAC00DCFAAE /* json_file.h */,
				B945F91B1192DDAC00DCFAAE /* json_file.cpp */,
				B984A95325ED8A6600452256 /* JsonIndentFormatter.cpp */,
				B984A95425ED8A6600452256 /* JsonIndentFormatter.hpp */,
				B9FC2A8C25F8B0A400484EA3 /* Exception.cpp */,
				B9FC2A8D25F8B0A400484EA3 /* Exception.hpp */,
				B9FC2A9525F907E200484EA3 /* TextCoordinate.cpp */,
				B9FC2A9625F907E200484EA3 /* TextCoordinate.hpp */,
			);
			name = json_model;
			sourceTree = "<group>";
		};
		B945F9031192DD6800DCFAAE /* json_cocoa_model */ = {
			isa = PBXGroup;
			children = (
				B945F92F1192E0A800DCFAAE /* JsonCocoaNode.h */,
				B945F9301192E0A800DCFAAE /* JsonCocoaNode.mm */,
				B945FD55119E832B00DCFAAE /* JsonDocument.h */,
				B945FD56119E832B00DCFAAE /* JsonDocument.mm */,
				B9264D9612A2D7C00037AD39 /* JsonFileListenerObjCBridge.h */,
				B9264D9712A2D7C00037AD39 /* JsonFileListenerObjCBridge.mm */,
				B94D29FF12B2C316007B9DA2 /* JsonMarker.h */,
				B94D2A0012B2C316007B9DA2 /* JsonMarker.mm */,
				B9AADFFB253A19AD00DE2559 /* SyntaxHilightJsonVisitor.h */,
				B9AADFFC253A19AD00DE2559 /* SyntaxHilightJsonVisitor.mm */,
			);
			name = json_cocoa_model;
			sourceTree = "<group>";
		};
		B9FC2A9A25F908FC00484EA3 /* jsonpath */ = {
			isa = PBXGroup;
			children = (
				B9FC2A9B25F908FC00484EA3 /* JsonPathExpressionNode.hpp */,
				B9FC2A9C25F908FC00484EA3 /* JsonPathExpressionCompiler.cpp */,
				B9FC2A9D25F908FC00484EA3 /* JsonPathExpressionNode.cpp */,
				B9FC2A9E25F908FC00484EA3 /* JsonPathExpressionCompiler.hpp */,
				B9FC2A9F25F908FC00484EA3 /* Parser-Combinators */,
			);
			name = jsonpath;
			path = json_model/jsonpath;
			sourceTree = "<group>";
		};
		B9FC2A9F25F908FC00484EA3 /* Parser-Combinators */ = {
			isa = PBXGroup;
			children = (
				B9FC2AA225F908FC00484EA3 /* templateio.hpp */,
				B9FC2AA625F908FC00484EA3 /* .gitmodules */,
				B9FC2AA925F908FC00484EA3 /* profile.hpp */,
				B9FC2AAA25F908FC00484EA3 /* File-Vector */,
				B9FC2AAB25F908FC00484EA3 /* parser_combinators.hpp */,
				B9FC2AAD25F908FC00484EA3 /* function_traits.hpp */,
				B9FC2AAF25F908FC00484EA3 /* parser_simple.hpp */,
				B9FC2AB125F908FC00484EA3 /* stream_iterator.hpp */,
			);
			path = "Parser-Combinators";
			sourceTree = "<group>";
		};
		B9FC2AAA25F908FC00484EA3 /* File-Vector */ = {
			isa = PBXGroup;
			children = (
			);
			path = "File-Vector";
			sourceTree = "<group>";
		};
		B9FC2AC725F90A6600484EA3 /* ui */ = {
			isa = PBXGroup;
			children = (
				B9FC2B2125F90D6000484EA3 /* common */,
				B9FC2B0225F90D6000484EA3 /* editor */,
				B9FC2B1925F90D6000484EA3 /* preferences */,
			);
			path = ui;
			sourceTree = "<group>";
		};
		B9FC2AF425F90B9B00484EA3 /* ViewIcons */ = {
			isa = PBXGroup;
			children = (
				B9FC2AF525F90B9B00484EA3 /* ToolbarBookmarksTemplate.pdf */,
				B9FC2AF625F90B9B00484EA3 /* BrowserView.png */,
				B9FC2AF725F90B9B00484EA3 /* TextView.png */,
				B9FC2AF825F90B9B00484EA3 /* VertSplit.png */,
				B9FC2AF925F90B9B00484EA3 /* TreeView.png */,
			);
			name = ViewIcons;
			path = res/ViewIcons;
			sourceTree = "<group>";
		};
		B9FC2B0225F90D6000484EA3 /* editor */ = {
			isa = PBXGroup;
			children = (
				B9FC2B4B25F90DE300484EA3 /* EditorWindow.xib */,
				B9FC2B0325F90D6000484EA3 /* JsonPathSearchController.mm */,
				B9FC2B0425F90D6000484EA3 /* PathView.m */,
				B9FC2B0525F90D6000484EA3 /* GuiModeControl.h */,
				B9FC2B0625F90D6000484EA3 /* JsonPathSearchController.h */,
				B9FC2B0725F90D6000484EA3 /* MarkerTableCellView.xib */,
				B9FC2B0825F90D6000484EA3 /* TextEditorGutterView.h */,
				B9FC2B0925F90D6000484EA3 /* NodeSelectionController.h */,
				B9FC2B0A25F90D6000484EA3 /* PathCompletionListCell.xib */,
				B9FC2B0B25F90D6000484EA3 /* JSONWindow.h */,
				B9FC2B0C25F90D6000484EA3 /* BracezTextView.m */,
				B9FC2B0D25F90D6000484EA3 /* CoordView.m */,
				B9FC2B0E25F90D6000484EA3 /* JsonTreeDataSource.h */,
				B9FC2B0F25F90D6000484EA3 /* GuiModeControl.m */,
				B9FC2B1025F90D6000484EA3 /* TextEditorGutterView.mm */,
				B9FC2B1125F90D6000484EA3 /* PathView.h */,
				B9FC2B1225F90D6000484EA3 /* MarkerTableCellView.h */,
				B9FC2B1325F90D6000484EA3 /* JsonTreeDataSource.mm */,
				B9FC2B1425F90D6000484EA3 /* JSONWindow.mm */,
				B9FC2B1525F90D6000484EA3 /* BracezTextView.h */,
				B9FC2B1625F90D6000484EA3 /* NodeSelectionController.mm */,
				B9FC2B1725F90D6000484EA3 /* CoordView.h */,
				B9FC2B1825F90D6000484EA3 /* MarkerTableCellView.mm */,
				B9C354D626A8A4FA007380E8 /* ProjectionDefinition.h */,
				B9C354D726A8A4FA007380E8 /* ProjectionDefinition.mm */,
				B9C354D926A8A6D2007380E8 /* ProjectionTableDataSource.h */,
				B9C354DA26A8A6D2007380E8 /* ProjectionTableDataSource.mm */,
				B9625D2C26AC909400214407 /* ProjectionDefinitionEditor.h */,
				B9625D2D26AC909400214407 /* ProjectionDefinitionEditor.m */,
				B9625D2E26AC909400214407 /* ProjectionDefinitionEditor.xib */,
				B9F8ACB026B3D57600602302 /* ProjectionDefinitionFavoritesAdapter.h */,
				B9F8ACB126B3D57600602302 /* ProjectionDefinitionFavoritesAdapter.m */,
			);
			path = editor;
			sourceTree = "<group>";
		};
		B9FC2B1925F90D6000484EA3 /* preferences */ = {
			isa = PBXGroup;
			children = (
				B9FC2B1A25F90D6000484EA3 /* JsonPreferencesDialogController.mm */,
				B9FC2B1B25F90D6000484EA3 /* PreferencesWindow.m */,
				B9FC2B1C25F90D6000484EA3 /* PreferencesDialogController.h */,
				B9FC2B1D25F90D6000484EA3 /* PreferencesWindow.xib */,
				B9FC2B1E25F90D6000484EA3 /* PreferencesWindow.h */,
				B9FC2B1F25F90D6000484EA3 /* PreferencesDialogController.mm */,
				B9FC2B2025F90D6000484EA3 /* JsonPreferencesDialogController.h */,
			);
			path = preferences;
			sourceTree = "<group>";
		};
		B9FC2B2125F90D6000484EA3 /* common */ = {
			isa = PBXGroup;
			children = (
				B9FC2B2225F90D6000484EA3 /* SplitterAnimation.h */,
				B9FC2B2325F90D6000484EA3 /* AnimatingTabView.m */,
				B9FC2B2525F90D6000484EA3 /* DarkDiviterSplitter.h */,
				B9FC2B2425F90D6000484EA3 /* HistoryAndFavoritesEditor.h */,
				B9FC2B2C25F90D6000484EA3 /* HistoryAndFavoritesEditor.m */,
				B9F8ACB826B44DAD00602302 /* HistoryAndFavoritesControl.h */,
				B9FC2B2625F90D6000484EA3 /* HistoryAndFavoritesControl.m */,
				B9FC2B2725F90D6000484EA3 /* HistoryAndFavoritesEditor.xib */,
				B9FC2B2825F90D6000484EA3 /* KvoAnimation.m */,
				B9FC2B2925F90D6000484EA3 /* AnimatingTabView.h */,
				B9FC2B2A25F90D6000484EA3 /* SplitterAnimation.m */,
				B9FC2B2B25F90D6000484EA3 /* DarkDiviterSplitter.m */,
				B9FC2B2D25F90D6000484EA3 /* KvoAnimation.h */,
				B9F8ACB326B41F9B00602302 /* FavoriteNameInputWindowConrtoller.h */,
				B9F8ACB426B41F9B00602302 /* FavoriteNameInputWindowConrtoller.m */,
				B9F8ACB526B41F9B00602302 /* FavoriteNameInputWindowConrtoller.xib */,
			);
			path = common;
			sourceTree = "<group>";
		};
		B9FC2B8725F90EE300484EA3 /* extlib */ = {
			isa = PBXGroup;
			children = (
				B9FC2B8825F90EE300484EA3 /* jq */,
			);
			path = extlib;
			sourceTree = "<group>";
		};
		B9FC2B8825F90EE300484EA3 /* jq */ = {
			isa = PBXGroup;
			children = (
				B9FC2B9025F90EE300484EA3 /* include */,
			);
			path = jq;
			sourceTree = "<group>";
		};
		B9FC2B9025F90EE300484EA3 /* include */ = {
			isa = PBXGroup;
			children = (
				B9FC2B9125F90EE300484EA3 /* jv.h */,
				B9FC2B9225F90EE300484EA3 /* jq.h */,
			);
			path = include;
			sourceTree = "<group>";
		};
/* End PBXGroup section */

/* Begin PBXNativeTarget section */
		8D1107260486CEB800E47090 /* Bracez */ = {
			isa = PBXNativeTarget;
			buildConfigurationList = C01FCF4A08A954540054247B /* Build configuration list for PBXNativeTarget "Bracez" */;
			buildPhases = (
				8D1107290486CEB800E47090 /* Resources */,
				8D11072C0486CEB800E47090 /* Sources */,
				8D11072E0486CEB800E47090 /* Frameworks */,
			);
			buildRules = (
			);
			dependencies = (
			);
			name = Bracez;
			productInstallPath = "$(HOME)/Applications";
			productName = JsonMockup;
			productReference = 8D1107320486CEB800E47090 /* Bracez.app */;
			productType = "com.apple.product-type.application";
		};
/* End PBXNativeTarget section */

/* Begin PBXProject section */
		29B97313FDCFA39411CA2CEA /* Project object */ = {
			isa = PBXProject;
			attributes = {
				LastUpgradeCheck = 1240;
			};
			buildConfigurationList = C01FCF4E08A954540054247B /* Build configuration list for PBXProject "Bracez" */;
			compatibilityVersion = "Xcode 3.1";
			developmentRegion = en;
			hasScannedForEncodings = 1;
			knownRegions = (
				Base,
				ja,
				en,
				fr,
				de,
			);
			mainGroup = 29B97314FDCFA39411CA2CEA /* JsonMockup */;
			projectDirPath = "";
			projectRoot = "";
			targets = (
				8D1107260486CEB800E47090 /* Bracez */,
			);
		};
/* End PBXProject section */

/* Begin PBXResourcesBuildPhase section */
		8D1107290486CEB800E47090 /* Resources */ = {
			isa = PBXResourcesBuildPhase;
			buildActionMask = 2147483647;
			files = (
				B9FC2B4C25F90DE300484EA3 /* EditorWindow.xib in Resources */,
				8D11072B0486CEB800E47090 /* InfoPlist.strings in Resources */,
				B9FC2BB825F90F7100484EA3 /* PreferencesDefaults.plist in Resources */,
				1DDD58160DA1D0A300B32029 /* MainMenu.xib in Resources */,
				B945F9001192DAC800DCFAAE /* reader.inl in Resources */,
				B9FC2AFC25F90B9B00484EA3 /* TextView.png in Resources */,
				B9FC2AFB25F90B9B00484EA3 /* BrowserView.png in Resources */,
				B9FC2B4125F90D6000484EA3 /* HistoryAndFavoritesEditor.xib in Resources */,
				B9FC2B3225F90D6000484EA3 /* PathCompletionListCell.xib in Resources */,
				B9FC2AFA25F90B9B00484EA3 /* ToolbarBookmarksTemplate.pdf in Resources */,
				B9FC2AFD25F90B9B00484EA3 /* VertSplit.png in Resources */,
				B9FC2AB825F908FC00484EA3 /* .gitmodules in Resources */,
				B9625D3026AC93B600214407 /* ProjectionDefinitionEditor.xib in Resources */,
				B9F8ACB726B41F9B00602302 /* FavoriteNameInputWindowConrtoller.xib in Resources */,
				B9FC2B3D25F90D6000484EA3 /* PreferencesWindow.xib in Resources */,
				B9FC2AFE25F90B9B00484EA3 /* TreeView.png in Resources */,
				B9FC2B3125F90D6000484EA3 /* MarkerTableCellView.xib in Resources */,
			);
			runOnlyForDeploymentPostprocessing = 0;
		};
/* End PBXResourcesBuildPhase section */

/* Begin PBXSourcesBuildPhase section */
		8D11072C0486CEB800E47090 /* Sources */ = {
			isa = PBXSourcesBuildPhase;
			buildActionMask = 2147483647;
			files = (
				B9FC2B4025F90D6000484EA3 /* HistoryAndFavoritesControl.m in Sources */,
				B9F8ACB626B41F9B00602302 /* FavoriteNameInputWindowConrtoller.m in Sources */,
				B984A95525ED8A6600452256 /* JsonIndentFormatter.cpp in Sources */,
				B9FC2B4525F90D6000484EA3 /* HistoryAndFavoritesEditor.m in Sources */,
				B9FC2B3B25F90D6000484EA3 /* JsonPreferencesDialogController.mm in Sources */,
				B9FC2B3A25F90D6000484EA3 /* MarkerTableCellView.mm in Sources */,
				B945F91C1192DDAC00DCFAAE /* json_file.cpp in Sources */,
				B9FC2B4425F90D6000484EA3 /* DarkDiviterSplitter.m in Sources */,
				B9FC2B3F25F90D6000484EA3 /* AnimatingTabView.m in Sources */,
				B9FC2BC425F910F600484EA3 /* main.m in Sources */,
				B945F9311192E0A800DCFAAE /* JsonCocoaNode.mm in Sources */,
				B9AADFFD253A19AD00DE2559 /* SyntaxHilightJsonVisitor.mm in Sources */,
				B9C354D826A8A4FA007380E8 /* ProjectionDefinition.mm in Sources */,
				B9FC2B3425F90D6000484EA3 /* CoordView.m in Sources */,
				B9FC2B3325F90D6000484EA3 /* BracezTextView.m in Sources */,
				B9FC2B3525F90D6000484EA3 /* GuiModeControl.m in Sources */,
				B9FC2AEE25F90AA300484EA3 /* NumberNonZeroValueTransformer.m in Sources */,
				B945FD57119E832B00DCFAAE /* JsonDocument.mm in Sources */,
				B9FC2B4325F90D6000484EA3 /* SplitterAnimation.m in Sources */,
				B9FC2A9725F907E300484EA3 /* TextCoordinate.cpp in Sources */,
				B9FC2A9325F8C14F00484EA3 /* Exception.cpp in Sources */,
				B9FC2AB225F908FC00484EA3 /* JsonPathExpressionCompiler.cpp in Sources */,
				B9FC2B3625F90D6000484EA3 /* TextEditorGutterView.mm in Sources */,
				B9BBFDF0120D2CBE00E4E9AE /* LinesAndBookmarks.cpp in Sources */,
				B9F8ACB226B3D57600602302 /* ProjectionDefinitionFavoritesAdapter.m in Sources */,
				B934AD19121C7503005B06D6 /* NSIndexPathAdditions.m in Sources */,
				B9FC2B3925F90D6000484EA3 /* NodeSelectionController.mm in Sources */,
				B9FC2AEC25F90AA300484EA3 /* NSString+WStringUtils.mm in Sources */,
				B9FC2B2F25F90D6000484EA3 /* JsonPathSearchController.mm in Sources */,
				B9264D9812A2D7C00037AD39 /* JsonFileListenerObjCBridge.mm in Sources */,
				B9FC2AB325F908FC00484EA3 /* JsonPathExpressionNode.cpp in Sources */,
				B9FC2B3025F90D6000484EA3 /* PathView.m in Sources */,
				B9C354DB26A8A6D2007380E8 /* ProjectionTableDataSource.mm in Sources */,
				B9FC2B3E25F90D6000484EA3 /* PreferencesDialogController.mm in Sources */,
				B9FC2AED25F90AA300484EA3 /* NodeTypeToColorTransformer.mm in Sources */,
				B9FC2B3C25F90D6000484EA3 /* PreferencesWindow.m in Sources */,
				B94D2A0112B2C316007B9DA2 /* JsonMarker.mm in Sources */,
				B9625D2F26AC93AF00214407 /* ProjectionDefinitionEditor.m in Sources */,
				B9FC2B5025F90E0200484EA3 /* BracezPreferences.mm in Sources */,
				B9FC2B3725F90D6000484EA3 /* JsonTreeDataSource.mm in Sources */,
				B9FC2B3825F90D6000484EA3 /* JSONWindow.mm in Sources */,
				B9FC2B4225F90D6000484EA3 /* KvoAnimation.m in Sources */,
				B9FC2BC525F910F600484EA3 /* JsonMockupAppDelegate.mm in Sources */,
			);
			runOnlyForDeploymentPostprocessing = 0;
		};
/* End PBXSourcesBuildPhase section */

/* Begin PBXVariantGroup section */
		089C165CFE840E0CC02AAC07 /* InfoPlist.strings */ = {
			isa = PBXVariantGroup;
			children = (
				B980387026A151D4006BCC3E /* en */,
			);
			name = InfoPlist.strings;
			sourceTree = "<group>";
		};
		1DDD58140DA1D0A300B32029 /* MainMenu.xib */ = {
			isa = PBXVariantGroup;
			children = (
				B980386F26A151CC006BCC3E /* Base */,
			);
			name = MainMenu.xib;
			sourceTree = "<group>";
		};
/* End PBXVariantGroup section */

/* Begin XCBuildConfiguration section */
		C01FCF4B08A954540054247B /* Debug */ = {
			isa = XCBuildConfiguration;
			buildSettings = {
				ALWAYS_SEARCH_USER_PATHS = NO;
				CLANG_CXX_LANGUAGE_STANDARD = "c++17";
				CODE_SIGN_IDENTITY = "-";
				COPY_PHASE_STRIP = NO;
				GCC_DYNAMIC_NO_PIC = NO;
				GCC_OPTIMIZATION_LEVEL = 0;
				GCC_PRECOMPILE_PREFIX_HEADER = YES;
				GCC_PREFIX_HEADER = Bracez_Prefix.pch;
				INFOPLIST_FILE = "res/Bracez-Info.plist";
				INSTALL_PATH = "$(HOME)/Applications";
				LIBRARY_SEARCH_PATHS = (
					"$(inherited)",
					"$(PROJECT_DIR)/extlib/jq/lib",
					/usr/local/Cellar/jq/1.6/lib,
				);
				MACOSX_DEPLOYMENT_TARGET = 11.0;
				PRODUCT_BUNDLE_IDENTIFIER = com.zigsterz.Bracez;
				PRODUCT_NAME = Bracez;
				VALID_ARCHS = x86_64;
			};
			name = Debug;
		};
		C01FCF4C08A954540054247B /* Release */ = {
			isa = XCBuildConfiguration;
			buildSettings = {
				ALWAYS_SEARCH_USER_PATHS = NO;
				CLANG_CXX_LANGUAGE_STANDARD = "c++17";
				CODE_SIGN_IDENTITY = "-";
				DEBUG_INFORMATION_FORMAT = "dwarf-with-dsym";
				GCC_PRECOMPILE_PREFIX_HEADER = YES;
				GCC_PREFIX_HEADER = Bracez_Prefix.pch;
				INFOPLIST_FILE = "res/Bracez-Info.plist";
				INSTALL_PATH = "$(HOME)/Applications";
				LIBRARY_SEARCH_PATHS = (
					"$(inherited)",
					"$(PROJECT_DIR)/extlib/jq/lib",
					/usr/local/Cellar/jq/1.6/lib,
				);
				MACOSX_DEPLOYMENT_TARGET = 11.0;
				PRODUCT_BUNDLE_IDENTIFIER = com.zigsterz.Bracez;
				PRODUCT_NAME = Bracez;
				VALID_ARCHS = x86_64;
			};
			name = Release;
		};
		C01FCF4F08A954540054247B /* Debug */ = {
			isa = XCBuildConfiguration;
			buildSettings = {
				CLANG_ANALYZER_LOCALIZABILITY_NONLOCALIZED = YES;
				CLANG_ENABLE_OBJC_ARC = YES;
				CLANG_WARN_BLOCK_CAPTURE_AUTORELEASING = YES;
				CLANG_WARN_BOOL_CONVERSION = YES;
				CLANG_WARN_COMMA = YES;
				CLANG_WARN_CONSTANT_CONVERSION = YES;
				CLANG_WARN_DEPRECATED_OBJC_IMPLEMENTATIONS = YES;
				CLANG_WARN_EMPTY_BODY = YES;
				CLANG_WARN_ENUM_CONVERSION = YES;
				CLANG_WARN_INFINITE_RECURSION = YES;
				CLANG_WARN_INT_CONVERSION = YES;
				CLANG_WARN_NON_LITERAL_NULL_CONVERSION = YES;
				CLANG_WARN_OBJC_IMPLICIT_RETAIN_SELF = YES;
				CLANG_WARN_OBJC_LITERAL_CONVERSION = YES;
				CLANG_WARN_QUOTED_INCLUDE_IN_FRAMEWORK_HEADER = YES;
				CLANG_WARN_RANGE_LOOP_ANALYSIS = YES;
				CLANG_WARN_STRICT_PROTOTYPES = YES;
				CLANG_WARN_SUSPICIOUS_MOVE = YES;
				CLANG_WARN_UNREACHABLE_CODE = YES;
				CLANG_WARN__DUPLICATE_METHOD_MATCH = YES;
				ENABLE_STRICT_OBJC_MSGSEND = YES;
				ENABLE_TESTABILITY = YES;
				GCC_C_LANGUAGE_STANDARD = gnu99;
				GCC_NO_COMMON_BLOCKS = YES;
				GCC_OPTIMIZATION_LEVEL = 0;
				GCC_WARN_64_TO_32_BIT_CONVERSION = YES;
				GCC_WARN_ABOUT_RETURN_TYPE = YES;
				GCC_WARN_UNDECLARED_SELECTOR = YES;
				GCC_WARN_UNINITIALIZED_AUTOS = YES;
				GCC_WARN_UNUSED_FUNCTION = YES;
				GCC_WARN_UNUSED_VARIABLE = YES;
				ONLY_ACTIVE_ARCH = YES;
				SDKROOT = macosx;
			};
			name = Debug;
		};
		C01FCF5008A954540054247B /* Release */ = {
			isa = XCBuildConfiguration;
			buildSettings = {
				CLANG_ANALYZER_LOCALIZABILITY_NONLOCALIZED = YES;
				CLANG_ENABLE_OBJC_ARC = YES;
				CLANG_WARN_BLOCK_CAPTURE_AUTORELEASING = YES;
				CLANG_WARN_BOOL_CONVERSION = YES;
				CLANG_WARN_COMMA = YES;
				CLANG_WARN_CONSTANT_CONVERSION = YES;
				CLANG_WARN_DEPRECATED_OBJC_IMPLEMENTATIONS = YES;
				CLANG_WARN_EMPTY_BODY = YES;
				CLANG_WARN_ENUM_CONVERSION = YES;
				CLANG_WARN_INFINITE_RECURSION = YES;
				CLANG_WARN_INT_CONVERSION = YES;
				CLANG_WARN_NON_LITERAL_NULL_CONVERSION = YES;
				CLANG_WARN_OBJC_IMPLICIT_RETAIN_SELF = YES;
				CLANG_WARN_OBJC_LITERAL_CONVERSION = YES;
				CLANG_WARN_QUOTED_INCLUDE_IN_FRAMEWORK_HEADER = YES;
				CLANG_WARN_RANGE_LOOP_ANALYSIS = YES;
				CLANG_WARN_STRICT_PROTOTYPES = YES;
				CLANG_WARN_SUSPICIOUS_MOVE = YES;
				CLANG_WARN_UNREACHABLE_CODE = YES;
				CLANG_WARN__DUPLICATE_METHOD_MATCH = YES;
				ENABLE_STRICT_OBJC_MSGSEND = YES;
				GCC_C_LANGUAGE_STANDARD = gnu99;
				GCC_NO_COMMON_BLOCKS = YES;
				GCC_WARN_64_TO_32_BIT_CONVERSION = YES;
				GCC_WARN_ABOUT_RETURN_TYPE = YES;
				GCC_WARN_UNDECLARED_SELECTOR = YES;
				GCC_WARN_UNINITIALIZED_AUTOS = YES;
				GCC_WARN_UNUSED_FUNCTION = YES;
				GCC_WARN_UNUSED_VARIABLE = YES;
				SDKROOT = macosx;
				VALID_ARCHS = "i386 x86_64";
			};
			name = Release;
		};
/* End XCBuildConfiguration section */

/* Begin XCConfigurationList section */
		C01FCF4A08A954540054247B /* Build configuration list for PBXNativeTarget "Bracez" */ = {
			isa = XCConfigurationList;
			buildConfigurations = (
				C01FCF4B08A954540054247B /* Debug */,
				C01FCF4C08A954540054247B /* Release */,
			);
			defaultConfigurationIsVisible = 0;
			defaultConfigurationName = Release;
		};
		C01FCF4E08A954540054247B /* Build configuration list for PBXProject "Bracez" */ = {
			isa = XCConfigurationList;
			buildConfigurations = (
				C01FCF4F08A954540054247B /* Debug */,
				C01FCF5008A954540054247B /* Release */,
			);
			defaultConfigurationIsVisible = 0;
			defaultConfigurationName = Release;
		};
/* End XCConfigurationList section */
	};
	rootObject = 29B97313FDCFA39411CA2CEA /* Project object */;
}
